# This file is automatically @generated by Poetry 1.8.4 and should not be changed by hand.

[[package]]
name = "python-ed-fcad-uner"
version = "0.1.0"
description = ""
optional = false
python-versions = "^3.10"
files = []
develop = false

[package.source]
type = "git"
url = "https://github.com/nachonovello1984/python-ed-fcad-uner"
reference = "main"
resolved_reference = "5e7d608304b12c7a04a3c83e440b612285e6e77f"

[metadata]
lock-version = "2.0"
python-versions = "^3.11"
content-hash = "e3a47eb516c584656c81455cfaccd5d6125ad64545950e5ff64ceb675ab7b828"
